
Microsoft Visual Studio Solution File, Format Version 12.00
# Visual Studio Version 16
VisualStudioVersion = 16.0.32002.261
MinimumVisualStudioVersion = 10.0.40219.1
Project("{FAE04EC0-301F-11D3-BF4B-00C04F79EFBC}") = "exemplo", "exemplo\exemplo.csproj", "{0417C573-77E7-4ADB-802A-41BBB9CF6189}"
EndProject
Global
	GlobalSection(SolutionConfigurationPlatforms) = preSolution
		Debug|Any CPU = Debug|Any CPU
		Release|Any CPU = Release|Any CPU
	EndGlobalSection
	GlobalSection(ProjectConfigurationPlatforms) = postSolution
		{0417C573-77E7-4ADB-802A-41BBB9CF6189}.Debug|Any CPU.ActiveCfg = Debug|Any CPU
		{0417C573-77E7-4ADB-802A-41BBB9CF6189}.Debug|Any CPU.Build.0 = Debug|Any CPU
		{0417C573-77E7-4ADB-802A-41BBB9CF6189}.Release|Any CPU.ActiveCfg = Release|Any CPU
		{0417C573-77E7-4ADB-802A-41BBB9CF6189}.Release|Any CPU.Build.0 = Release|Any CPU
	EndGlobalSection
	GlobalSection(SolutionProperties) = preSolution
		HideSolutionNode = FALSE
	EndGlobalSection
	GlobalSection(ExtensibilityGlobals) = postSolution
		SolutionGuid = {3945DB97-C70B-490C-832B-1279BB71EDBD}
	EndGlobalSection
EndGlobal
